
Microsoft Visual Studio Solution File, Format Version 12.00
# Visual Studio Version 16
VisualStudioVersion = 16.0.31321.278
MinimumVisualStudioVersion = 10.0.40219.1
Project("{FAE04EC0-301F-11D3-BF4B-00C04F79EFBC}") = "API", "API\API.csproj", "{AD66A565-C855-4634-AAE1-DB1464C542BE}"
EndProject
Project("{FAE04EC0-301F-11D3-BF4B-00C04F79EFBC}") = "Application", "Application\Application.csproj", "{3FEAD9D0-560D-476B-BDBB-DC244B3B0953}"
EndProject
Project("{FAE04EC0-301F-11D3-BF4B-00C04F79EFBC}") = "Domain", "Domain\Domain.csproj", "{B0EC7E91-5BE5-4CD9-868A-DA537D1B6AF7}"
EndProject
Project("{FAE04EC0-301F-11D3-BF4B-00C04F79EFBC}") = "Persistence", "Persistence\Persistence.csproj", "{4243C108-67FE-4123-AEB1-21EC2ED2A74B}"
EndProject
Global
	GlobalSection(SolutionConfigurationPlatforms) = preSolution
		Debug|Any CPU = Debug|Any CPU
		Release|Any CPU = Release|Any CPU
	EndGlobalSection
	GlobalSection(ProjectConfigurationPlatforms) = postSolution
		{AD66A565-C855-4634-AAE1-DB1464C542BE}.Debug|Any CPU.ActiveCfg = Debug|Any CPU
		{AD66A565-C855-4634-AAE1-DB1464C542BE}.Debug|Any CPU.Build.0 = Debug|Any CPU
		{AD66A565-C855-4634-AAE1-DB1464C542BE}.Release|Any CPU.ActiveCfg = Release|Any CPU
		{AD66A565-C855-4634-AAE1-DB1464C542BE}.Release|Any CPU.Build.0 = Release|Any CPU
		{3FEAD9D0-560D-476B-BDBB-DC244B3B0953}.Debug|Any CPU.ActiveCfg = Debug|Any CPU
		{3FEAD9D0-560D-476B-BDBB-DC244B3B0953}.Debug|Any CPU.Build.0 = Debug|Any CPU
		{3FEAD9D0-560D-476B-BDBB-DC244B3B0953}.Release|Any CPU.ActiveCfg = Release|Any CPU
		{3FEAD9D0-560D-476B-BDBB-DC244B3B0953}.Release|Any CPU.Build.0 = Release|Any CPU
		{B0EC7E91-5BE5-4CD9-868A-DA537D1B6AF7}.Debug|Any CPU.ActiveCfg = Debug|Any CPU
		{B0EC7E91-5BE5-4CD9-868A-DA537D1B6AF7}.Debug|Any CPU.Build.0 = Debug|Any CPU
		{B0EC7E91-5BE5-4CD9-868A-DA537D1B6AF7}.Release|Any CPU.ActiveCfg = Release|Any CPU
		{B0EC7E91-5BE5-4CD9-868A-DA537D1B6AF7}.Release|Any CPU.Build.0 = Release|Any CPU
		{4243C108-67FE-4123-AEB1-21EC2ED2A74B}.Debug|Any CPU.ActiveCfg = Debug|Any CPU
		{4243C108-67FE-4123-AEB1-21EC2ED2A74B}.Debug|Any CPU.Build.0 = Debug|Any CPU
		{4243C108-67FE-4123-AEB1-21EC2ED2A74B}.Release|Any CPU.ActiveCfg = Release|Any CPU
		{4243C108-67FE-4123-AEB1-21EC2ED2A74B}.Release|Any CPU.Build.0 = Release|Any CPU
	EndGlobalSection
	GlobalSection(SolutionProperties) = preSolution
		HideSolutionNode = FALSE
	EndGlobalSection
	GlobalSection(ExtensibilityGlobals) = postSolution
		SolutionGuid = {70D35968-54D2-43EE-8BA0-806793014F93}
	EndGlobalSection
EndGlobal
